{
  "version": 4,
  "terraform_version": "1.15.3",
  "serial": 1,
  "lineage": "79641a84-3a17-e75b-fdcf-ac8e20d2fa07",
  "outputs": {},
  "resources": [
    {
      "mode": "managed",
      "type": "docker_image",
      "name": "odoo",
      "provider": "provider[\"registry.terraform.io/kreuzwerker/docker\"]",
      "instances": [
        {
          "schema_version": 0,
          "attributes": {
            "build": [],
            "force_remove": null,
            "id": "sha256:b0b79b128225be1149ed1b5fc1452a4854ffdf6dff633435afad3261aee41649odoo-erp:latest",
            "image_id": "sha256:b0b79b128225be1149ed1b5fc1452a4854ffdf6dff633435afad3261aee41649",
            "keep_locally": true,
            "name": "odoo-erp:latest",
            "platform": null,
            "pull_triggers": null,
            "repo_digest": "",
            "timeouts": null,
            "triggers": null
          },
          "sensitive_attributes": [],
          "identity_schema_version": 0,
          "private": "eyJlMmJmYjczMC1lY2FhLTExZTYtOGY4OC0zNDM2M2JjN2M0YzAiOnsiY3JlYXRlIjoxMjAwMDAwMDAwMDAwLCJkZWxldGUiOjEyMDAwMDAwMDAwMDAsInVwZGF0ZSI6MTIwMDAwMDAwMDAwMH19"
        }
      ]
    }
  ],
  "check_results": null
}
